# Agent-Standard: installierte Stände (sha256 modul pfad). Nicht von Hand ändern.
# Quelle: Vault-Ordner _Claude/, Stand d7205db
623236ada78f3bc7f649a98a09de4cdd87bff7398a59e3af7b6804d703360ba9 core agents/cross-platform-coordinator.md
aa092c438acd2903c94687e45e5ed0abf1e673960fc8d5c33b27e86aeff16358 flutter agents/mobile-analyst.md
a1a7074b5c63f9c899fc026c5d00ee3f06545b6e9d2918c2a3708e59cedea9a6 flutter agents/mobile-developer.md
c666c86a2182c5813e556cb67fff0c37f4790821f9c7ebcc07e437fc03348720 flutter agents/mobile-planner.md
c95172e7a786498b43dbec1a5ab0d107d8190a5e8aa151e45d6449892e1297ba flutter agents/mobile-reviewer.md
4e13a37b17103e4259fb8af48018babde8610077b3f1d1bc41153355c3db6ac8 flutter agents/mobile-tester.md
e2cb8143c5328d2bb65c1df1ea8c9cc4882c4a13ea0e49439591921694a25f28 flutter agents/mobile-ui-reviewer.md
4b0d1e2e384447a47eebeb2cc13fd8754f18514f6edde4afeafadf1e16a97f15 dotnet agents/server-developer.md
f6b999ca8249ad5f7fdf6aec59e45bbce94b435639dbc9d45c46f00dadb12fdb angular agents/web-analyst.md
d79fbe50bc144183c8d6f25bd992736337d9c89a1949f415543010074bba6743 angular agents/web-developer.md
2a1bab0ebd002610e65915c80ddec9bf93c98f1cf93a84fcc79b379651e016ba angular agents/web-planner.md
343b20539c478efc3849b4c16ec564bed2d50b936f03dd79b1ba3e211d619417 angular agents/web-reviewer.md
3f34ea1f2e930b75ad9d797594f9f4deb727ba6634b3aa293f5427c083b66aa2 angular agents/web-ui-designer.md
aeff2cc4cb4995f8f37d503d1908514f427f71c806e2433524096bc3a1c1e0f5 core commands/auto-bugfix.md
23e9a7ed2477dd4c5289b37b2db92f640e88d9002efa113a737745fd541f1361 core commands/issue.md
9888a2040b28a68c5de2f34d19a4c019a228eab3851fe02da1c1da51d0d439f5 flutter commands/mobile-analyze.md
8b8ea4ced306edca400ffe6290761b0204e3f2bcc683e1f47b10b34ec9672665 flutter commands/mobile-implement.md
fd5e07ecc3c9416b4dd8dd646a1df6949cd5dffc13aeb99573af2c179930d127 flutter commands/mobile-plan.md
1033948c21f2470e0c8de5abc6bfaead8dc9a5115063bcb012119ef3970100f8 flutter commands/mobile-review.md
b12a848cbb967075832512aeaaca44b393bfc3f2fc9468aefc6a273318aab037 flutter commands/mobile-validate.md
5ee980722171c7e957c6ffa8f4bed76491b1293934923ba7fd5a379a0e03ff39 dotnet commands/server-implement.md
1664035713df8bace9dd786c58b8bda5def62f67e2b2234e3b6ef9ad12ddcd66 angular commands/web-analyze.md
6d0b86faf0cfd80938e8f639524bc73ac48b84dd78a544d7283d72175f6eda68 angular commands/web-design.md
1ca1c96a0da27a4ec80920d9a4c53aa4b686e9bdd993a13eddf001280fbb1b9c angular commands/web-implement.md
d33c170c687b181b7e77b70e8a6129c3f10fcc86e4d6d2ab1ac741b056b31f46 angular commands/web-plan.md
865107216b1efc76dc83a34275d5070e4d08d93db396b552f62c122d12b6e3a3 angular commands/web-review.md
e15f72f5e3e4dd827ae3b78e616769a6654508254cc70907d514896e3ed15cb5 flutter hooks/dart-format.sh
