# Agent-Standard: installierte Stände (sha256 modul pfad). Nicht von Hand ändern.
# Quelle: Vault-Ordner _Claude/, Stand 3182522
21030bcf723ace39c2107ce8bebe50af7e6a97d8b0b75582fbb1737cf828c78e core agents/analyst.md
fe478aad17aaa3d89fec2fd43031958fe9e297a898c7fc5d36829f22f3f8ff1f core agents/cross-platform-coordinator.md
0a136dbd79943cbc23785581d42a069c87072c3a9fb5de777ff0816c2ab619c5 core agents/developer.md
1d3618d7791320e4a1e57cc0e79a31e2a2f9c9b9984c1dbaeab61b040d2a7f33 core agents/reviewer.md
d0b7739ce52e5d7eeddc919f07c376cda0af1b374aeee92b4e5d9c3384d93d6d core commands/analysieren.md
2036816bba915b139b2a041258eed1635ee70a1bea71380c1c8c7963e9e4e653 core commands/auto-bugfix.md
6b924bc691cd3d41a1dbe9adfdeea45cfd1218a01c79babdb3cf36cd642ef12b core commands/entwerfen.md
042d6734c593d48a99ce7b9ac658a28607be46556ad78f042ec16bfc8a2bf830 core commands/issue.md
dd3226a037d09f227db1013dd5695f33ed7b18b6fd567df619acb25be8fe8aab core commands/planen.md
78ab42ecaab360cc1972387d625813bcbe7d7fe359dcd07fd0f8d34cad08fa39 core commands/reviewen.md
75ccdcb5aa1791bb16faa165e7a68f3507a76f4385482862686c1131e10ceaf5 core commands/umsetzen.md
34fd44b850efb967080576a3f9ed47e0574e82e8b267020b8a64b885d1dac9fe core commands/validieren.md
e15f72f5e3e4dd827ae3b78e616769a6654508254cc70907d514896e3ed15cb5 flutter hooks/dart-format.sh
6217b4c1e91b947111fb5ddda4f8e81c92a7abe8ac664ce08362480f4381837f angular hooks/session-start.d/angular.sh
079413bb16b8e8fd47d0e95817da1b2226a8e881bc0cce8570232e43e210ed92 dotnet hooks/session-start.d/dotnet.sh
60a3e6bcd5f24137d0710edd389fb49c1aeba48ef797640cee028f9a278bc44c flutter hooks/session-start.d/flutter.sh
1e9584381c8a3af2661db03f73e3d109605c7c214ca6ae303de30f226853591b angular skills/playbook-angular/SKILL.md
3e04b57651d8b60621727db4278474af0900f77be315faf1e8a16be483625890 angular skills/playbook-angular/references/analyse.md
3a2df93975a3eaae10849c2eebed65a7a5040cd5fe77e8ddb82027c4284e33bd angular skills/playbook-angular/references/design.md
bd7ecfa1b0f6c9223ce7a3673e1d8db41a450ce9e1df7e719141d5d2c562bca0 angular skills/playbook-angular/references/implement.md
453a1b1e71a0208b9a466783ea5d01a95ae34ad6ac34cb1140aff3ee85d1a9d3 angular skills/playbook-angular/references/plan.md
9a642e9bfb63bfed50d3566d8a2ff695dcde222939c6fa6af706eb697a06c795 angular skills/playbook-angular/references/review.md
4f5b979c3ff623b572843d11017e6a7cd4639de6e065060d265aea7ae40ec832 dotnet skills/playbook-dotnet/SKILL.md
dfb9952f99ed2eb7391317f011cb91eded9e99017c44f20e99ebee5535edfeb0 dotnet skills/playbook-dotnet/references/implement.md
98457e8bb4aa6c17bd01af45534c5be3085f68b928b7fa6f5cb1f2602bc1e5bb flutter skills/playbook-flutter/SKILL.md
0173339488c5090e619900e56d81e464f94d7191168539e042e85a780a7f96ed flutter skills/playbook-flutter/references/analyse.md
b48816d44bea41daf9dcd18efd0710b4f3798df559ad8877800a95db0f1b5092 flutter skills/playbook-flutter/references/implement.md
bcba5c319c247fc09ec70d20cde059ca49edcdaec08592157ca868ce09fc68c9 flutter skills/playbook-flutter/references/plan.md
a34e3ed9aefa40ce13e4881e62d8c78b90d90e62b1c78b15f4fb7830ff7424c1 flutter skills/playbook-flutter/references/review.md
876dd6d016e9c3b0f24725957fbd08dbbaeacafe95cf5e7a40009b65ec01c1ad flutter skills/playbook-flutter/references/validate-tests.md
8cbb9bdeaa9a4abe350e29563ce62c5fcc3cd8a86248f647cc6b2532d094d6b4 flutter skills/playbook-flutter/references/validate-ui.md
